// !$*UTF8*$!
{
	archiveVersion = 1;
	classes = {
	};
	objectVersion = 50;
	objects = {

/* Begin PBXBuildFile section */
		1E01AE262183B51C007AF872 /* VideoOptionsViewController.swift in Sources */ = {isa = PBXBuildFile; fileRef = 1E01AE252183B51C007AF872 /* VideoOptionsViewController.swift */; };
		1E01AE282183B5AB007AF872 /* VideoPreviewVideoController.swift in Sources */ = {isa = PBXBuildFile; fileRef = 1E01AE272183B5AB007AF872 /* VideoPreviewVideoController.swift */; };
		1E21CCEB213480DF00AB9685 /* UIImage+FromUIView.swift in Sources */ = {isa = PBXBuildFile; fileRef = 1E21CCEA213480DF00AB9685 /* UIImage+FromUIView.swift */; };
		1E21CCED213482AC00AB9685 /* CancelableTimer.swift in Sources */ = {isa = PBXBuildFile; fileRef = 1E21CCEC213482AC00AB9685 /* CancelableTimer.swift */; };
		1E21CCF12134867900AB9685 /* OverlayView.swift in Sources */ = {isa = PBXBuildFile; fileRef = 1E21CCF02134867900AB9685 /* OverlayView.swift */; };
		1E21CCF4213487C200AB9685 /* UIView+Image.swift in Sources */ = {isa = PBXBuildFile; fileRef = 1E21CCF3213487C200AB9685 /* UIView+Image.swift */; };
		1E21CCF62134931A00AB9685 /* UIView+Xib.swift in Sources */ = {isa = PBXBuildFile; fileRef = 1E21CCF52134931A00AB9685 /* UIView+Xib.swift */; };
		1E24CA912131405200943AC4 /* PhotoLibrary.swift in Sources */ = {isa = PBXBuildFile; fileRef = 1E24CA902131405200943AC4 /* PhotoLibrary.swift */; };
		1E24CA942131423A00943AC4 /* Filters.swift in Sources */ = {isa = PBXBuildFile; fileRef = 1E24CA932131423A00943AC4 /* Filters.swift */; };
		1E4165F321BD9B0000563920 /* AssetWriter.swift in Sources */ = {isa = PBXBuildFile; fileRef = 1E4165F221BD9B0000563920 /* AssetWriter.swift */; };
		1E4A067A2150400400DC4E47 /* OverlayView.xib in Resources */ = {isa = PBXBuildFile; fileRef = 1E4A06792150400400DC4E47 /* OverlayView.xib */; };
		1E53CC382128A8F1008F1B20 /* AppDelegate.swift in Sources */ = {isa = PBXBuildFile; fileRef = 1E53CC372128A8F1008F1B20 /* AppDelegate.swift */; };
		1E53CC3D2128A8F1008F1B20 /* Main.storyboard in Resources */ = {isa = PBXBuildFile; fileRef = 1E53CC3B2128A8F1008F1B20 /* Main.storyboard */; };
		1E53CC3F2128A8F2008F1B20 /* Assets.xcassets in Resources */ = {isa = PBXBuildFile; fileRef = 1E53CC3E2128A8F2008F1B20 /* Assets.xcassets */; };
		1E53CC422128A8F2008F1B20 /* LaunchScreen.storyboard in Resources */ = {isa = PBXBuildFile; fileRef = 1E53CC402128A8F2008F1B20 /* LaunchScreen.storyboard */; };
		1E53CC4E2128A937008F1B20 /* VideoPlayerView.swift in Sources */ = {isa = PBXBuildFile; fileRef = 1E53CC4A2128A937008F1B20 /* VideoPlayerView.swift */; };
		1E53CC512128A937008F1B20 /* VideoCaptureViewController.swift in Sources */ = {isa = PBXBuildFile; fileRef = 1E53CC4D2128A937008F1B20 /* VideoCaptureViewController.swift */; };
		1E73123321B44074008DC499 /* VideoCaptureViewModel.swift in Sources */ = {isa = PBXBuildFile; fileRef = 1E73123221B44074008DC499 /* VideoCaptureViewModel.swift */; };
		1E83D24921AAE37900B4F7BC /* LocationProvider.swift in Sources */ = {isa = PBXBuildFile; fileRef = 1E83D24721AAE37900B4F7BC /* LocationProvider.swift */; };
		1E83D24A21AAE37900B4F7BC /* LocationProviderImpl.swift in Sources */ = {isa = PBXBuildFile; fileRef = 1E83D24821AAE37900B4F7BC /* LocationProviderImpl.swift */; };
		1EBC0CC121B5D0FF00C32420 /* AttributedSpeechViewController.swift in Sources */ = {isa = PBXBuildFile; fileRef = 1EBC0CC021B5D0FF00C32420 /* AttributedSpeechViewController.swift */; };
		1EBC0CC321B5D16100C32420 /* MainTest.storyboard in Resources */ = {isa = PBXBuildFile; fileRef = 1EBC0CC221B5D16100C32420 /* MainTest.storyboard */; };
		1EBC0CC621B5D39F00C32420 /* VideoCapture.swift in Sources */ = {isa = PBXBuildFile; fileRef = 1EBC0CC521B5D39F00C32420 /* VideoCapture.swift */; };
		1EBC0CC821B5D3C300C32420 /* VideoCameraType.swift in Sources */ = {isa = PBXBuildFile; fileRef = 1EBC0CC721B5D3C300C32420 /* VideoCameraType.swift */; };
		1EBC0CCA21B5D3E800C32420 /* AVCaptureDevice+Extension.swift in Sources */ = {isa = PBXBuildFile; fileRef = 1EBC0CC921B5D3E800C32420 /* AVCaptureDevice+Extension.swift */; };
		1EBC0CCC21B5D44300C32420 /* MetalImageRecognitionViewController.swift in Sources */ = {isa = PBXBuildFile; fileRef = 1EBC0CCB21B5D44300C32420 /* MetalImageRecognitionViewController.swift */; };
		1EC6EF7021B07AFE009EF247 /* ObservableEvent.swift in Sources */ = {isa = PBXBuildFile; fileRef = 1EC6EF6E21B07AFD009EF247 /* ObservableEvent.swift */; };
		1EC6EF7121B07AFE009EF247 /* Disposable.swift in Sources */ = {isa = PBXBuildFile; fileRef = 1EC6EF6F21B07AFD009EF247 /* Disposable.swift */; };
		1EC6EF7421B07B3B009EF247 /* ProviderError.swift in Sources */ = {isa = PBXBuildFile; fileRef = 1EC6EF7321B07B3B009EF247 /* ProviderError.swift */; };
		1ED1B99A21B1C73F0018396B /* AlertHandler.swift in Sources */ = {isa = PBXBuildFile; fileRef = 1ED1B99921B1C73F0018396B /* AlertHandler.swift */; };
		1EEC48E221B71E6A00FE7B99 /* VideoOptionsViewModel.swift in Sources */ = {isa = PBXBuildFile; fileRef = 1EEC48E121B71E6A00FE7B99 /* VideoOptionsViewModel.swift */; };
/* End PBXBuildFile section */

/* Begin PBXFileReference section */
		1E01AE252183B51C007AF872 /* VideoOptionsViewController.swift */ = {isa = PBXFileReference; lastKnownFileType = sourcecode.swift; path = VideoOptionsViewController.swift; sourceTree = "<group>"; };
		1E01AE272183B5AB007AF872 /* VideoPreviewVideoController.swift */ = {isa = PBXFileReference; lastKnownFileType = sourcecode.swift; path = VideoPreviewVideoController.swift; sourceTree = "<group>"; };
		1E21337F215D78FE0018036A /* VideoBufferRecorder.swift */ = {isa = PBXFileReference; lastKnownFileType = sourcecode.swift; path = VideoBufferRecorder.swift; sourceTree = "<group>"; };
		1E21CCEA213480DF00AB9685 /* UIImage+FromUIView.swift */ = {isa = PBXFileReference; lastKnownFileType = sourcecode.swift; path = "UIImage+FromUIView.swift"; sourceTree = "<group>"; };
		1E21CCEC213482AC00AB9685 /* CancelableTimer.swift */ = {isa = PBXFileReference; lastKnownFileType = sourcecode.swift; path = CancelableTimer.swift; sourceTree = "<group>"; };
		1E21CCF02134867900AB9685 /* OverlayView.swift */ = {isa = PBXFileReference; lastKnownFileType = sourcecode.swift; path = OverlayView.swift; sourceTree = "<group>"; };
		1E21CCF3213487C200AB9685 /* UIView+Image.swift */ = {isa = PBXFileReference; lastKnownFileType = sourcecode.swift; path = "UIView+Image.swift"; sourceTree = "<group>"; };
		1E21CCF52134931A00AB9685 /* UIView+Xib.swift */ = {isa = PBXFileReference; lastKnownFileType = sourcecode.swift; path = "UIView+Xib.swift"; sourceTree = "<group>"; };
		1E24CA902131405200943AC4 /* PhotoLibrary.swift */ = {isa = PBXFileReference; lastKnownFileType = sourcecode.swift; path = PhotoLibrary.swift; sourceTree = "<group>"; };
		1E24CA932131423A00943AC4 /* Filters.swift */ = {isa = PBXFileReference; lastKnownFileType = sourcecode.swift; path = Filters.swift; sourceTree = "<group>"; };
		1E4165F221BD9B0000563920 /* AssetWriter.swift */ = {isa = PBXFileReference; lastKnownFileType = sourcecode.swift; path = AssetWriter.swift; sourceTree = "<group>"; };
		1E4A06792150400400DC4E47 /* OverlayView.xib */ = {isa = PBXFileReference; lastKnownFileType = file.xib; path = OverlayView.xib; sourceTree = "<group>"; };
		1E53CC342128A8F1008F1B20 /* VideoOSD.app */ = {isa = PBXFileReference; explicitFileType = wrapper.application; includeInIndex = 0; path = VideoOSD.app; sourceTree = BUILT_PRODUCTS_DIR; };
		1E53CC372128A8F1008F1B20 /* AppDelegate.swift */ = {isa = PBXFileReference; lastKnownFileType = sourcecode.swift; path = AppDelegate.swift; sourceTree = "<group>"; };
		1E53CC3C2128A8F1008F1B20 /* Base */ = {isa = PBXFileReference; lastKnownFileType = file.storyboard; name = Base; path = Base.lproj/Main.storyboard; sourceTree = "<group>"; };
		1E53CC3E2128A8F2008F1B20 /* Assets.xcassets */ = {isa = PBXFileReference; lastKnownFileType = folder.assetcatalog; path = Assets.xcassets; sourceTree = "<group>"; };
		1E53CC412128A8F2008F1B20 /* Base */ = {isa = PBXFileReference; lastKnownFileType = file.storyboard; name = Base; path = Base.lproj/LaunchScreen.storyboard; sourceTree = "<group>"; };
		1E53CC432128A8F2008F1B20 /* Info.plist */ = {isa = PBXFileReference; lastKnownFileType = text.plist.xml; path = Info.plist; sourceTree = "<group>"; };
		1E53CC4A2128A937008F1B20 /* VideoPlayerView.swift */ = {isa = PBXFileReference; fileEncoding = 4; lastKnownFileType = sourcecode.swift; path = VideoPlayerView.swift; sourceTree = "<group>"; };
		1E53CC4B2128A937008F1B20 /* VideoCaptureView.swift */ = {isa = PBXFileReference; fileEncoding = 4; lastKnownFileType = sourcecode.swift; path = VideoCaptureView.swift; sourceTree = "<group>"; };
		1E53CC4D2128A937008F1B20 /* VideoCaptureViewController.swift */ = {isa = PBXFileReference; fileEncoding = 4; lastKnownFileType = sourcecode.swift; path = VideoCaptureViewController.swift; sourceTree = "<group>"; };
		1E53CC522128C6C4008F1B20 /* VideoComposition.swift */ = {isa = PBXFileReference; lastKnownFileType = sourcecode.swift; path = VideoComposition.swift; sourceTree = "<group>"; };
		1E53CC58212E1A33008F1B20 /* VideoRecorderViewController.swift */ = {isa = PBXFileReference; lastKnownFileType = sourcecode.swift; path = VideoRecorderViewController.swift; sourceTree = "<group>"; };
		1E73123221B44074008DC499 /* VideoCaptureViewModel.swift */ = {isa = PBXFileReference; lastKnownFileType = sourcecode.swift; path = VideoCaptureViewModel.swift; sourceTree = "<group>"; };
		1E83D24721AAE37900B4F7BC /* LocationProvider.swift */ = {isa = PBXFileReference; fileEncoding = 4; lastKnownFileType = sourcecode.swift; path = LocationProvider.swift; sourceTree = "<group>"; };
		1E83D24821AAE37900B4F7BC /* LocationProviderImpl.swift */ = {isa = PBXFileReference; fileEncoding = 4; lastKnownFileType = sourcecode.swift; path = LocationProviderImpl.swift; sourceTree = "<group>"; };
		1EBC0CC021B5D0FF00C32420 /* AttributedSpeechViewController.swift */ = {isa = PBXFileReference; lastKnownFileType = sourcecode.swift; path = AttributedSpeechViewController.swift; sourceTree = "<group>"; };
		1EBC0CC221B5D16100C32420 /* MainTest.storyboard */ = {isa = PBXFileReference; lastKnownFileType = file.storyboard; path = MainTest.storyboard; sourceTree = "<group>"; };
		1EBC0CC521B5D39F00C32420 /* VideoCapture.swift */ = {isa = PBXFileReference; lastKnownFileType = sourcecode.swift; path = VideoCapture.swift; sourceTree = "<group>"; };
		1EBC0CC721B5D3C300C32420 /* VideoCameraType.swift */ = {isa = PBXFileReference; lastKnownFileType = sourcecode.swift; path = VideoCameraType.swift; sourceTree = "<group>"; };
		1EBC0CC921B5D3E800C32420 /* AVCaptureDevice+Extension.swift */ = {isa = PBXFileReference; lastKnownFileType = sourcecode.swift; path = "AVCaptureDevice+Extension.swift"; sourceTree = "<group>"; };
		1EBC0CCB21B5D44300C32420 /* MetalImageRecognitionViewController.swift */ = {isa = PBXFileReference; lastKnownFileType = sourcecode.swift; path = MetalImageRecognitionViewController.swift; sourceTree = "<group>"; };
		1EC6EF6E21B07AFD009EF247 /* ObservableEvent.swift */ = {isa = PBXFileReference; fileEncoding = 4; lastKnownFileType = sourcecode.swift; path = ObservableEvent.swift; sourceTree = "<group>"; };
		1EC6EF6F21B07AFD009EF247 /* Disposable.swift */ = {isa = PBXFileReference; fileEncoding = 4; lastKnownFileType = sourcecode.swift; path = Disposable.swift; sourceTree = "<group>"; };
		1EC6EF7321B07B3B009EF247 /* ProviderError.swift */ = {isa = PBXFileReference; fileEncoding = 4; lastKnownFileType = sourcecode.swift; path = ProviderError.swift; sourceTree = "<group>"; };
		1ED1B99921B1C73F0018396B /* AlertHandler.swift */ = {isa = PBXFileReference; lastKnownFileType = sourcecode.swift; path = AlertHandler.swift; sourceTree = "<group>"; };
		1EEC48E121B71E6A00FE7B99 /* VideoOptionsViewModel.swift */ = {isa = PBXFileReference; lastKnownFileType = sourcecode.swift; path = VideoOptionsViewModel.swift; sourceTree = "<group>"; };
/* End PBXFileReference section */

/* Begin PBXFrameworksBuildPhase section */
		1E53CC312128A8F1008F1B20 /* Frameworks */ = {
			isa = PBXFrameworksBuildPhase;
			buildActionMask = 2147483647;
			files = (
			);
			runOnlyForDeploymentPostprocessing = 0;
		};
/* End PBXFrameworksBuildPhase section */

/* Begin PBXGroup section */
		1E01AE242183B487007AF872 /* UI */ = {
			isa = PBXGroup;
			children = (
				1E21CCF22134869400AB9685 /* OverlayView */,
				1ED108F421A6047600C4D2BC /* VideoCapture */,
				1EEC48E021B71E4800FE7B99 /* VideoOptions */,
				1ED108F521A60AC700C4D2BC /* VideoPreview */,
				1E53CC3B2128A8F1008F1B20 /* Main.storyboard */,
				1E53CC402128A8F2008F1B20 /* LaunchScreen.storyboard */,
			);
			path = UI;
			sourceTree = "<group>";
		};
		1E21CCF22134869400AB9685 /* OverlayView */ = {
			isa = PBXGroup;
			children = (
				1E21CCF02134867900AB9685 /* OverlayView.swift */,
				1E4A06792150400400DC4E47 /* OverlayView.xib */,
			);
			path = OverlayView;
			sourceTree = "<group>";
		};
		1E24CA92213140A200943AC4 /* Tools */ = {
			isa = PBXGroup;
			children = (
				1EC6EF7221B07B04009EF247 /* Event */,
				1E24CA902131405200943AC4 /* PhotoLibrary.swift */,
				1E24CA932131423A00943AC4 /* Filters.swift */,
				1E21CCEA213480DF00AB9685 /* UIImage+FromUIView.swift */,
				1E21CCF3213487C200AB9685 /* UIView+Image.swift */,
				1E21CCF52134931A00AB9685 /* UIView+Xib.swift */,
				1E21CCEC213482AC00AB9685 /* CancelableTimer.swift */,
				1ED1B99921B1C73F0018396B /* AlertHandler.swift */,
			);
			path = Tools;
			sourceTree = "<group>";
		};
		1E53CC2B2128A8F1008F1B20 = {
			isa = PBXGroup;
			children = (
				1E53CC362128A8F1008F1B20 /* VideoOSD */,
				1E53CC352128A8F1008F1B20 /* Products */,
			);
			sourceTree = "<group>";
		};
		1E53CC352128A8F1008F1B20 /* Products */ = {
			isa = PBXGroup;
			children = (
				1E53CC342128A8F1008F1B20 /* VideoOSD.app */,
			);
			name = Products;
			sourceTree = "<group>";
		};
		1E53CC362128A8F1008F1B20 /* VideoOSD */ = {
			isa = PBXGroup;
			children = (
				1EEC48DF21B71C7A00FE7B99 /* Temp */,
				1E24CA92213140A200943AC4 /* Tools */,
				1E83D24521AAE37900B4F7BC /* Providers */,
				1E53CC492128A917008F1B20 /* Video */,
				1E01AE242183B487007AF872 /* UI */,
				1E53CC372128A8F1008F1B20 /* AppDelegate.swift */,
				1E53CC3E2128A8F2008F1B20 /* Assets.xcassets */,
				1E53CC432128A8F2008F1B20 /* Info.plist */,
			);
			path = VideoOSD;
			sourceTree = "<group>";
		};
		1E53CC492128A917008F1B20 /* Video */ = {
			isa = PBXGroup;
			children = (
				1EBC0CC521B5D39F00C32420 /* VideoCapture.swift */,
				1EBC0CC721B5D3C300C32420 /* VideoCameraType.swift */,
				1EBC0CC921B5D3E800C32420 /* AVCaptureDevice+Extension.swift */,
				1E4165F221BD9B0000563920 /* AssetWriter.swift */,
			);
			path = Video;
			sourceTree = "<group>";
		};
		1E83D24521AAE37900B4F7BC /* Providers */ = {
			isa = PBXGroup;
			children = (
				1EC6EF7321B07B3B009EF247 /* ProviderError.swift */,
				1E83D24621AAE37900B4F7BC /* Location */,
			);
			path = Providers;
			sourceTree = "<group>";
		};
		1E83D24621AAE37900B4F7BC /* Location */ = {
			isa = PBXGroup;
			children = (
				1E83D24721AAE37900B4F7BC /* LocationProvider.swift */,
				1E83D24821AAE37900B4F7BC /* LocationProviderImpl.swift */,
			);
			path = Location;
			sourceTree = "<group>";
		};
		1EC6EF7221B07B04009EF247 /* Event */ = {
			isa = PBXGroup;
			children = (
				1EC6EF6F21B07AFD009EF247 /* Disposable.swift */,
				1EC6EF6E21B07AFD009EF247 /* ObservableEvent.swift */,
			);
			path = Event;
			sourceTree = "<group>";
		};
		1ED108F421A6047600C4D2BC /* VideoCapture */ = {
			isa = PBXGroup;
			children = (
				1E53CC4D2128A937008F1B20 /* VideoCaptureViewController.swift */,
				1E73123221B44074008DC499 /* VideoCaptureViewModel.swift */,
			);
			path = VideoCapture;
			sourceTree = "<group>";
		};
		1ED108F521A60AC700C4D2BC /* VideoPreview */ = {
			isa = PBXGroup;
			children = (
				1E01AE272183B5AB007AF872 /* VideoPreviewVideoController.swift */,
				1E53CC4A2128A937008F1B20 /* VideoPlayerView.swift */,
			);
			path = VideoPreview;
			sourceTree = "<group>";
		};
		1EEC48DF21B71C7A00FE7B99 /* Temp */ = {
			isa = PBXGroup;
			children = (
				1E53CC4B2128A937008F1B20 /* VideoCaptureView.swift */,
				1E53CC522128C6C4008F1B20 /* VideoComposition.swift */,
				1E53CC58212E1A33008F1B20 /* VideoRecorderViewController.swift */,
				1E21337F215D78FE0018036A /* VideoBufferRecorder.swift */,
				1EBC0CC021B5D0FF00C32420 /* AttributedSpeechViewController.swift */,
				1EBC0CCB21B5D44300C32420 /* MetalImageRecognitionViewController.swift */,
				1EBC0CC221B5D16100C32420 /* MainTest.storyboard */,
			);
			path = Temp;
			sourceTree = "<group>";
		};
		1EEC48E021B71E4800FE7B99 /* VideoOptions */ = {
			isa = PBXGroup;
			children = (
				1E01AE252183B51C007AF872 /* VideoOptionsViewController.swift */,
				1EEC48E121B71E6A00FE7B99 /* VideoOptionsViewModel.swift */,
			);
			path = VideoOptions;
			sourceTree = "<group>";
		};
/* End PBXGroup section */

/* Begin PBXNativeTarget section */
		1E53CC332128A8F1008F1B20 /* VideoOSD */ = {
			isa = PBXNativeTarget;
			buildConfigurationList = 1E53CC462128A8F2008F1B20 /* Build configuration list for PBXNativeTarget "VideoOSD" */;
			buildPhases = (
				1E53CC302128A8F1008F1B20 /* Sources */,
				1E53CC312128A8F1008F1B20 /* Frameworks */,
				1E53CC322128A8F1008F1B20 /* Resources */,
			);
			buildRules = (
			);
			dependencies = (
			);
			name = VideoOSD;
			productName = VideoOSD;
			productReference = 1E53CC342128A8F1008F1B20 /* VideoOSD.app */;
			productType = "com.apple.product-type.application";
		};
/* End PBXNativeTarget section */

/* Begin PBXProject section */
		1E53CC2C2128A8F1008F1B20 /* Project object */ = {
			isa = PBXProject;
			attributes = {
				LastSwiftUpdateCheck = 0940;
				LastUpgradeCheck = 0940;
				ORGANIZATIONNAME = "Davorin Madaric";
				TargetAttributes = {
					1E53CC332128A8F1008F1B20 = {
						CreatedOnToolsVersion = 9.4.1;
						LastSwiftMigration = 1000;
					};
				};
			};
			buildConfigurationList = 1E53CC2F2128A8F1008F1B20 /* Build configuration list for PBXProject "VideoOSD" */;
			compatibilityVersion = "Xcode 9.3";
			developmentRegion = en;
			hasScannedForEncodings = 0;
			knownRegions = (
				en,
				Base,
			);
			mainGroup = 1E53CC2B2128A8F1008F1B20;
			productRefGroup = 1E53CC352128A8F1008F1B20 /* Products */;
			projectDirPath = "";
			projectRoot = "";
			targets = (
				1E53CC332128A8F1008F1B20 /* VideoOSD */,
			);
		};
/* End PBXProject section */

/* Begin PBXResourcesBuildPhase section */
		1E53CC322128A8F1008F1B20 /* Resources */ = {
			isa = PBXResourcesBuildPhase;
			buildActionMask = 2147483647;
			files = (
				1EBC0CC321B5D16100C32420 /* MainTest.storyboard in Resources */,
				1E53CC422128A8F2008F1B20 /* LaunchScreen.storyboard in Resources */,
				1E4A067A2150400400DC4E47 /* OverlayView.xib in Resources */,
				1E53CC3F2128A8F2008F1B20 /* Assets.xcassets in Resources */,
				1E53CC3D2128A8F1008F1B20 /* Main.storyboard in Resources */,
			);
			runOnlyForDeploymentPostprocessing = 0;
		};
/* End PBXResourcesBuildPhase section */

/* Begin PBXSourcesBuildPhase section */
		1E53CC302128A8F1008F1B20 /* Sources */ = {
			isa = PBXSourcesBuildPhase;
			buildActionMask = 2147483647;
			files = (
				1E21CCF4213487C200AB9685 /* UIView+Image.swift in Sources */,
				1E73123321B44074008DC499 /* VideoCaptureViewModel.swift in Sources */,
				1E01AE282183B5AB007AF872 /* VideoPreviewVideoController.swift in Sources */,
				1E21CCF62134931A00AB9685 /* UIView+Xib.swift in Sources */,
				1E83D24921AAE37900B4F7BC /* LocationProvider.swift in Sources */,
				1EBC0CCA21B5D3E800C32420 /* AVCaptureDevice+Extension.swift in Sources */,
				1E21CCED213482AC00AB9685 /* CancelableTimer.swift in Sources */,
				1EBC0CC121B5D0FF00C32420 /* AttributedSpeechViewController.swift in Sources */,
				1E24CA912131405200943AC4 /* PhotoLibrary.swift in Sources */,
				1E4165F321BD9B0000563920 /* AssetWriter.swift in Sources */,
				1E53CC382128A8F1008F1B20 /* AppDelegate.swift in Sources */,
				1E21CCEB213480DF00AB9685 /* UIImage+FromUIView.swift in Sources */,
				1ED1B99A21B1C73F0018396B /* AlertHandler.swift in Sources */,
				1E24CA942131423A00943AC4 /* Filters.swift in Sources */,
				1E83D24A21AAE37900B4F7BC /* LocationProviderImpl.swift in Sources */,
				1E53CC512128A937008F1B20 /* VideoCaptureViewController.swift in Sources */,
				1E21CCF12134867900AB9685 /* OverlayView.swift in Sources */,
				1EC6EF7421B07B3B009EF247 /* ProviderError.swift in Sources */,
				1EEC48E221B71E6A00FE7B99 /* VideoOptionsViewModel.swift in Sources */,
				1EBC0CC621B5D39F00C32420 /* VideoCapture.swift in Sources */,
				1EBC0CCC21B5D44300C32420 /* MetalImageRecognitionViewController.swift in Sources */,
				1E01AE262183B51C007AF872 /* VideoOptionsViewController.swift in Sources */,
				1EBC0CC821B5D3C300C32420 /* VideoCameraType.swift in Sources */,
				1EC6EF7121B07AFE009EF247 /* Disposable.swift in Sources */,
				1E53CC4E2128A937008F1B20 /* VideoPlayerView.swift in Sources */,
				1EC6EF7021B07AFE009EF247 /* ObservableEvent.swift in Sources */,
			);
			runOnlyForDeploymentPostprocessing = 0;
		};
/* End PBXSourcesBuildPhase section */

/* Begin PBXVariantGroup section */
		1E53CC3B2128A8F1008F1B20 /* Main.storyboard */ = {
			isa = PBXVariantGroup;
			children = (
				1E53CC3C2128A8F1008F1B20 /* Base */,
			);
			name = Main.storyboard;
			sourceTree = "<group>";
		};
		1E53CC402128A8F2008F1B20 /* LaunchScreen.storyboard */ = {
			isa = PBXVariantGroup;
			children = (
				1E53CC412128A8F2008F1B20 /* Base */,
			);
			name = LaunchScreen.storyboard;
			sourceTree = "<group>";
		};
/* End PBXVariantGroup section */

/* Begin XCBuildConfiguration section */
		1E53CC442128A8F2008F1B20 /* Debug */ = {
			isa = XCBuildConfiguration;
			buildSettings = {
				ALWAYS_SEARCH_USER_PATHS = NO;
				CLANG_ANALYZER_NONNULL = YES;
				CLANG_ANALYZER_NUMBER_OBJECT_CONVERSION = YES_AGGRESSIVE;
				CLANG_CXX_LANGUAGE_STANDARD = "gnu++14";
				CLANG_CXX_LIBRARY = "libc++";
				CLANG_ENABLE_MODULES = YES;
				CLANG_ENABLE_OBJC_ARC = YES;
				CLANG_ENABLE_OBJC_WEAK = YES;
				CLANG_WARN_BLOCK_CAPTURE_AUTORELEASING = YES;
				CLANG_WARN_BOOL_CONVERSION = YES;
				CLANG_WARN_COMMA = YES;
				CLANG_WARN_CONSTANT_CONVERSION = YES;
				CLANG_WARN_DEPRECATED_OBJC_IMPLEMENTATIONS = YES;
				CLANG_WARN_DIRECT_OBJC_ISA_USAGE = YES_ERROR;
				CLANG_WARN_DOCUMENTATION_COMMENTS = YES;
				CLANG_WARN_EMPTY_BODY = YES;
				CLANG_WARN_ENUM_CONVERSION = YES;
				CLANG_WARN_INFINITE_RECURSION = YES;
				CLANG_WARN_INT_CONVERSION = YES;
				CLANG_WARN_NON_LITERAL_NULL_CONVERSION = YES;
				CLANG_WARN_OBJC_IMPLICIT_RETAIN_SELF = YES;
				CLANG_WARN_OBJC_LITERAL_CONVERSION = YES;
				CLANG_WARN_OBJC_ROOT_CLASS = YES_ERROR;
				CLANG_WARN_RANGE_LOOP_ANALYSIS = YES;
				CLANG_WARN_STRICT_PROTOTYPES = YES;
				CLANG_WARN_SUSPICIOUS_MOVE = YES;
				CLANG_WARN_UNGUARDED_AVAILABILITY = YES_AGGRESSIVE;
				CLANG_WARN_UNREACHABLE_CODE = YES;
				CLANG_WARN__DUPLICATE_METHOD_MATCH = YES;
				CODE_SIGN_IDENTITY = "iPhone Developer";
				COPY_PHASE_STRIP = NO;
				DEBUG_INFORMATION_FORMAT = dwarf;
				ENABLE_STRICT_OBJC_MSGSEND = YES;
				ENABLE_TESTABILITY = YES;
				GCC_C_LANGUAGE_STANDARD = gnu11;
				GCC_DYNAMIC_NO_PIC = NO;
				GCC_NO_COMMON_BLOCKS = YES;
				GCC_OPTIMIZATION_LEVEL = 0;
				GCC_PREPROCESSOR_DEFINITIONS = (
					"DEBUG=1",
					"$(inherited)",
				);
				GCC_WARN_64_TO_32_BIT_CONVERSION = YES;
				GCC_WARN_ABOUT_RETURN_TYPE = YES_ERROR;
				GCC_WARN_UNDECLARED_SELECTOR = YES;
				GCC_WARN_UNINITIALIZED_AUTOS = YES_AGGRESSIVE;
				GCC_WARN_UNUSED_FUNCTION = YES;
				GCC_WARN_UNUSED_VARIABLE = YES;
				IPHONEOS_DEPLOYMENT_TARGET = 11.4;
				MTL_ENABLE_DEBUG_INFO = YES;
				ONLY_ACTIVE_ARCH = YES;
				SDKROOT = iphoneos;
				SWIFT_ACTIVE_COMPILATION_CONDITIONS = DEBUG;
				SWIFT_OPTIMIZATION_LEVEL = "-Onone";
			};
			name = Debug;
		};
		1E53CC452128A8F2008F1B20 /* Release */ = {
			isa = XCBuildConfiguration;
			buildSettings = {
				ALWAYS_SEARCH_USER_PATHS = NO;
				CLANG_ANALYZER_NONNULL = YES;
				CLANG_ANALYZER_NUMBER_OBJECT_CONVERSION = YES_AGGRESSIVE;
				CLANG_CXX_LANGUAGE_STANDARD = "gnu++14";
				CLANG_CXX_LIBRARY = "libc++";
				CLANG_ENABLE_MODULES = YES;
				CLANG_ENABLE_OBJC_ARC = YES;
				CLANG_ENABLE_OBJC_WEAK = YES;
				CLANG_WARN_BLOCK_CAPTURE_AUTORELEASING = YES;
				CLANG_WARN_BOOL_CONVERSION = YES;
				CLANG_WARN_COMMA = YES;
				CLANG_WARN_CONSTANT_CONVERSION = YES;
				CLANG_WARN_DEPRECATED_OBJC_IMPLEMENTATIONS = YES;
				CLANG_WARN_DIRECT_OBJC_ISA_USAGE = YES_ERROR;
				CLANG_WARN_DOCUMENTATION_COMMENTS = YES;
				CLANG_WARN_EMPTY_BODY = YES;
				CLANG_WARN_ENUM_CONVERSION = YES;
				CLANG_WARN_INFINITE_RECURSION = YES;
				CLANG_WARN_INT_CONVERSION = YES;
				CLANG_WARN_NON_LITERAL_NULL_CONVERSION = YES;
				CLANG_WARN_OBJC_IMPLICIT_RETAIN_SELF = YES;
				CLANG_WARN_OBJC_LITERAL_CONVERSION = YES;
				CLANG_WARN_OBJC_ROOT_CLASS = YES_ERROR;
				CLANG_WARN_RANGE_LOOP_ANALYSIS = YES;
				CLANG_WARN_STRICT_PROTOTYPES = YES;
				CLANG_WARN_SUSPICIOUS_MOVE = YES;
				CLANG_WARN_UNGUARDED_AVAILABILITY = YES_AGGRESSIVE;
				CLANG_WARN_UNREACHABLE_CODE = YES;
				CLANG_WARN__DUPLICATE_METHOD_MATCH = YES;
				CODE_SIGN_IDENTITY = "iPhone Developer";
				COPY_PHASE_STRIP = NO;
				DEBUG_INFORMATION_FORMAT = "dwarf-with-dsym";
				ENABLE_NS_ASSERTIONS = NO;
				ENABLE_STRICT_OBJC_MSGSEND = YES;
				GCC_C_LANGUAGE_STANDARD = gnu11;
				GCC_NO_COMMON_BLOCKS = YES;
				GCC_WARN_64_TO_32_BIT_CONVERSION = YES;
				GCC_WARN_ABOUT_RETURN_TYPE = YES_ERROR;
				GCC_WARN_UNDECLARED_SELECTOR = YES;
				GCC_WARN_UNINITIALIZED_AUTOS = YES_AGGRESSIVE;
				GCC_WARN_UNUSED_FUNCTION = YES;
				GCC_WARN_UNUSED_VARIABLE = YES;
				IPHONEOS_DEPLOYMENT_TARGET = 11.4;
				MTL_ENABLE_DEBUG_INFO = NO;
				SDKROOT = iphoneos;
				SWIFT_COMPILATION_MODE = wholemodule;
				SWIFT_OPTIMIZATION_LEVEL = "-O";
				VALIDATE_PRODUCT = YES;
			};
			name = Release;
		};
		1E53CC472128A8F2008F1B20 /* Debug */ = {
			isa = XCBuildConfiguration;
			buildSettings = {
				ASSETCATALOG_COMPILER_APPICON_NAME = AppIcon;
				CODE_SIGN_STYLE = Automatic;
				DEVELOPMENT_TEAM = 68VR5CE66Z;
				INFOPLIST_FILE = VideoOSD/Info.plist;
				LD_RUNPATH_SEARCH_PATHS = (
					"$(inherited)",
					"@executable_path/Frameworks",
				);
				PRODUCT_BUNDLE_IDENTIFIER = net.pluen.VideoOSD;
				PRODUCT_NAME = "$(TARGET_NAME)";
				SWIFT_VERSION = 4.2;
				TARGETED_DEVICE_FAMILY = "1,2";
			};
			name = Debug;
		};
		1E53CC482128A8F2008F1B20 /* Release */ = {
			isa = XCBuildConfiguration;
			buildSettings = {
				ASSETCATALOG_COMPILER_APPICON_NAME = AppIcon;
				CODE_SIGN_STYLE = Automatic;
				DEVELOPMENT_TEAM = 68VR5CE66Z;
				INFOPLIST_FILE = VideoOSD/Info.plist;
				LD_RUNPATH_SEARCH_PATHS = (
					"$(inherited)",
					"@executable_path/Frameworks",
				);
				PRODUCT_BUNDLE_IDENTIFIER = net.pluen.VideoOSD;
				PRODUCT_NAME = "$(TARGET_NAME)";
				SWIFT_VERSION = 4.2;
				TARGETED_DEVICE_FAMILY = "1,2";
			};
			name = Release;
		};
/* End XCBuildConfiguration section */

/* Begin XCConfigurationList section */
		1E53CC2F2128A8F1008F1B20 /* Build configuration list for PBXProject "VideoOSD" */ = {
			isa = XCConfigurationList;
			buildConfigurations = (
				1E53CC442128A8F2008F1B20 /* Debug */,
				1E53CC452128A8F2008F1B20 /* Release */,
			);
			defaultConfigurationIsVisible = 0;
			defaultConfigurationName = Release;
		};
		1E53CC462128A8F2008F1B20 /* Build configuration list for PBXNativeTarget "VideoOSD" */ = {
			isa = XCConfigurationList;
			buildConfigurations = (
				1E53CC472128A8F2008F1B20 /* Debug */,
				1E53CC482128A8F2008F1B20 /* Release */,
			);
			defaultConfigurationIsVisible = 0;
			defaultConfigurationName = Release;
		};
/* End XCConfigurationList section */
	};
	rootObject = 1E53CC2C2128A8F1008F1B20 /* Project object */;
}
